// !$*UTF8*$!
{
	archiveVersion = 1;
	classes = {
	};
	objectVersion = 46;
	objects = {

/* Begin PBXBuildFile section */
		F79D1A5E155D2559007C29C1 /* UIKit.framework in Frameworks */ = {isa = PBXBuildFile; fileRef = F79D1A5D155D2559007C29C1 /* UIKit.framework */; };
		F79D1A60155D2559007C29C1 /* Foundation.framework in Frameworks */ = {isa = PBXBuildFile; fileRef = F79D1A5F155D2559007C29C1 /* Foundation.framework */; };
		F79D1A62155D2559007C29C1 /* CoreGraphics.framework in Frameworks */ = {isa = PBXBuildFile; fileRef = F79D1A61155D2559007C29C1 /* CoreGraphics.framework */; };
		F79D1A68155D2559007C29C1 /* InfoPlist.strings in Resources */ = {isa = PBXBuildFile; fileRef = F79D1A66155D2559007C29C1 /* InfoPlist.strings */; };
		F79D1A6A155D2559007C29C1 /* main.m in Sources */ = {isa = PBXBuildFile; fileRef = F79D1A69155D2559007C29C1 /* main.m */; };
		F79D1A6E155D2559007C29C1 /* AppDelegate.m in Sources */ = {isa = PBXBuildFile; fileRef = F79D1A6D155D2559007C29C1 /* AppDelegate.m */; };
		F79D1A71155D2559007C29C1 /* MainStoryboard_iPhone.storyboard in Resources */ = {isa = PBXBuildFile; fileRef = F79D1A6F155D2559007C29C1 /* MainStoryboard_iPhone.storyboard */; };
		F79D1A74155D2559007C29C1 /* MainStoryboard_iPad.storyboard in Resources */ = {isa = PBXBuildFile; fileRef = F79D1A72155D2559007C29C1 /* MainStoryboard_iPad.storyboard */; };
		F79D1A8D155D36E6007C29C1 /* AFImageViewer.m in Sources */ = {isa = PBXBuildFile; fileRef = F79D1A8C155D36E6007C29C1 /* AFImageViewer.m */; };
		F79D1A95155D53A6007C29C1 /* 1.jpg in Resources */ = {isa = PBXBuildFile; fileRef = F79D1A91155D53A6007C29C1 /* 1.jpg */; };
		F79D1A96155D53A6007C29C1 /* 2.jpg in Resources */ = {isa = PBXBuildFile; fileRef = F79D1A92155D53A6007C29C1 /* 2.jpg */; };
		F79D1A97155D53A6007C29C1 /* 3.jpg in Resources */ = {isa = PBXBuildFile; fileRef = F79D1A93155D53A6007C29C1 /* 3.jpg */; };
		F79D1A98155D53A6007C29C1 /* 4.jpg in Resources */ = {isa = PBXBuildFile; fileRef = F79D1A94155D53A6007C29C1 /* 4.jpg */; };
		F79D1AA8155D7F10007C29C1 /* dark_blue.jpg in Resources */ = {isa = PBXBuildFile; fileRef = F79D1AA7155D7F10007C29C1 /* dark_blue.jpg */; };
		F79D1AAC155D8043007C29C1 /* ExampleAsync.m in Sources */ = {isa = PBXBuildFile; fileRef = F79D1AAB155D8043007C29C1 /* ExampleAsync.m */; };
		F79D1AB5155D9B07007C29C1 /* ExampleDelegate.m in Sources */ = {isa = PBXBuildFile; fileRef = F79D1AB4155D9B07007C29C1 /* ExampleDelegate.m */; };
		F79D1AB8155D9B17007C29C1 /* ExampleDataSource.m in Sources */ = {isa = PBXBuildFile; fileRef = F79D1AB7155D9B17007C29C1 /* ExampleDataSource.m */; };
/* End PBXBuildFile section */

/* Begin PBXFileReference section */
		F79D1A59155D2559007C29C1 /* ImageViewer.app */ = {isa = PBXFileReference; explicitFileType = wrapper.application; includeInIndex = 0; path = ImageViewer.app; sourceTree = BUILT_PRODUCTS_DIR; };
		F79D1A5D155D2559007C29C1 /* UIKit.framework */ = {isa = PBXFileReference; lastKnownFileType = wrapper.framework; name = UIKit.framework; path = System/Library/Frameworks/UIKit.framework; sourceTree = SDKROOT; };
		F79D1A5F155D2559007C29C1 /* Foundation.framework */ = {isa = PBXFileReference; lastKnownFileType = wrapper.framework; name = Foundation.framework; path = System/Library/Frameworks/Foundation.framework; sourceTree = SDKROOT; };
		F79D1A61155D2559007C29C1 /* CoreGraphics.framework */ = {isa = PBXFileReference; lastKnownFileType = wrapper.framework; name = CoreGraphics.framework; path = System/Library/Frameworks/CoreGraphics.framework; sourceTree = SDKROOT; };
		F79D1A65155D2559007C29C1 /* ImageViewer-Info.plist */ = {isa = PBXFileReference; lastKnownFileType = text.plist.xml; path = "ImageViewer-Info.plist"; sourceTree = "<group>"; };
		F79D1A67155D2559007C29C1 /* en */ = {isa = PBXFileReference; lastKnownFileType = text.plist.strings; name = en; path = en.lproj/InfoPlist.strings; sourceTree = "<group>"; };
		F79D1A69155D2559007C29C1 /* main.m */ = {isa = PBXFileReference; lastKnownFileType = sourcecode.c.objc; path = main.m; sourceTree = "<group>"; };
		F79D1A6B155D2559007C29C1 /* ImageViewer-Prefix.pch */ = {isa = PBXFileReference; lastKnownFileType = sourcecode.c.h; path = "ImageViewer-Prefix.pch"; sourceTree = "<group>"; };
		F79D1A6C155D2559007C29C1 /* AppDelegate.h */ = {isa = PBXFileReference; lastKnownFileType = sourcecode.c.h; path = AppDelegate.h; sourceTree = "<group>"; };
		F79D1A6D155D2559007C29C1 /* AppDelegate.m */ = {isa = PBXFileReference; lastKnownFileType = sourcecode.c.objc; path = AppDelegate.m; sourceTree = "<group>"; };
		F79D1A70155D2559007C29C1 /* en */ = {isa = PBXFileReference; lastKnownFileType = file.storyboard; name = en; path = en.lproj/MainStoryboard_iPhone.storyboard; sourceTree = "<group>"; };
		F79D1A73155D2559007C29C1 /* en */ = {isa = PBXFileReference; lastKnownFileType = file.storyboard; name = en; path = en.lproj/MainStoryboard_iPad.storyboard; sourceTree = "<group>"; };
		F79D1A8B155D36E6007C29C1 /* AFImageViewer.h */ = {isa = PBXFileReference; fileEncoding = 4; lastKnownFileType = sourcecode.c.h; path = AFImageViewer.h; sourceTree = "<group>"; };
		F79D1A8C155D36E6007C29C1 /* AFImageViewer.m */ = {isa = PBXFileReference; fileEncoding = 4; lastKnownFileType = sourcecode.c.objc; path = AFImageViewer.m; sourceTree = "<group>"; };
		F79D1A91155D53A6007C29C1 /* 1.jpg */ = {isa = PBXFileReference; lastKnownFileType = image.jpeg; path = 1.jpg; sourceTree = "<group>"; };
		F79D1A92155D53A6007C29C1 /* 2.jpg */ = {isa = PBXFileReference; lastKnownFileType = image.jpeg; path = 2.jpg; sourceTree = "<group>"; };
		F79D1A93155D53A6007C29C1 /* 3.jpg */ = {isa = PBXFileReference; lastKnownFileType = image.jpeg; path = 3.jpg; sourceTree = "<group>"; };
		F79D1A94155D53A6007C29C1 /* 4.jpg */ = {isa = PBXFileReference; lastKnownFileType = image.jpeg; path = 4.jpg; sourceTree = "<group>"; };
		F79D1AA7155D7F10007C29C1 /* dark_blue.jpg */ = {isa = PBXFileReference; lastKnownFileType = image.jpeg; path = dark_blue.jpg; sourceTree = "<group>"; };
		F79D1AAA155D8043007C29C1 /* ExampleAsync.h */ = {isa = PBXFileReference; fileEncoding = 4; lastKnownFileType = sourcecode.c.h; path = ExampleAsync.h; sourceTree = "<group>"; };
		F79D1AAB155D8043007C29C1 /* ExampleAsync.m */ = {isa = PBXFileReference; fileEncoding = 4; lastKnownFileType = sourcecode.c.objc; path = ExampleAsync.m; sourceTree = "<group>"; };
		F79D1AB3155D9B07007C29C1 /* ExampleDelegate.h */ = {isa = PBXFileReference; fileEncoding = 4; lastKnownFileType = sourcecode.c.h; path = ExampleDelegate.h; sourceTree = "<group>"; };
		F79D1AB4155D9B07007C29C1 /* ExampleDelegate.m */ = {isa = PBXFileReference; fileEncoding = 4; lastKnownFileType = sourcecode.c.objc; path = ExampleDelegate.m; sourceTree = "<group>"; };
		F79D1AB6155D9B17007C29C1 /* ExampleDataSource.h */ = {isa = PBXFileReference; fileEncoding = 4; lastKnownFileType = sourcecode.c.h; path = ExampleDataSource.h; sourceTree = "<group>"; };
		F79D1AB7155D9B17007C29C1 /* ExampleDataSource.m */ = {isa = PBXFileReference; fileEncoding = 4; lastKnownFileType = sourcecode.c.objc; path = ExampleDataSource.m; sourceTree = "<group>"; };
/* End PBXFileReference section */

/* Begin PBXFrameworksBuildPhase section */
		F79D1A56155D2559007C29C1 /* Frameworks */ = {
			isa = PBXFrameworksBuildPhase;
			buildActionMask = 2147483647;
			files = (
				F79D1A5E155D2559007C29C1 /* UIKit.framework in Frameworks */,
				F79D1A60155D2559007C29C1 /* Foundation.framework in Frameworks */,
				F79D1A62155D2559007C29C1 /* CoreGraphics.framework in Frameworks */,
			);
			runOnlyForDeploymentPostprocessing = 0;
		};
/* End PBXFrameworksBuildPhase section */

/* Begin PBXGroup section */
		F79D1A4E155D2558007C29C1 = {
			isa = PBXGroup;
			children = (
				F79D1A63155D2559007C29C1 /* ImageViewer */,
				F79D1A99155D5570007C29C1 /* Resources */,
				F79D1A5C155D2559007C29C1 /* Frameworks */,
				F79D1A5A155D2559007C29C1 /* Products */,
			);
			sourceTree = "<group>";
		};
		F79D1A5A155D2559007C29C1 /* Products */ = {
			isa = PBXGroup;
			children = (
				F79D1A59155D2559007C29C1 /* ImageViewer.app */,
			);
			name = Products;
			sourceTree = "<group>";
		};
		F79D1A5C155D2559007C29C1 /* Frameworks */ = {
			isa = PBXGroup;
			children = (
				F79D1A5D155D2559007C29C1 /* UIKit.framework */,
				F79D1A5F155D2559007C29C1 /* Foundation.framework */,
				F79D1A61155D2559007C29C1 /* CoreGraphics.framework */,
			);
			name = Frameworks;
			sourceTree = "<group>";
		};
		F79D1A63155D2559007C29C1 /* ImageViewer */ = {
			isa = PBXGroup;
			children = (
				F79D1A6C155D2559007C29C1 /* AppDelegate.h */,
				F79D1A6D155D2559007C29C1 /* AppDelegate.m */,
				F79D1A6F155D2559007C29C1 /* MainStoryboard_iPhone.storyboard */,
				F79D1A72155D2559007C29C1 /* MainStoryboard_iPad.storyboard */,
				F79D1ABE155DA22B007C29C1 /* Example controller */,
				F79D1A9A155D5593007C29C1 /* AFImageViewer */,
				F79D1A64155D2559007C29C1 /* Supporting Files */,
			);
			path = ImageViewer;
			sourceTree = "<group>";
		};
		F79D1A64155D2559007C29C1 /* Supporting Files */ = {
			isa = PBXGroup;
			children = (
				F79D1A65155D2559007C29C1 /* ImageViewer-Info.plist */,
				F79D1A66155D2559007C29C1 /* InfoPlist.strings */,
				F79D1A69155D2559007C29C1 /* main.m */,
				F79D1A6B155D2559007C29C1 /* ImageViewer-Prefix.pch */,
			);
			name = "Supporting Files";
			sourceTree = "<group>";
		};
		F79D1A99155D5570007C29C1 /* Resources */ = {
			isa = PBXGroup;
			children = (
				F79D1AA7155D7F10007C29C1 /* dark_blue.jpg */,
				F79D1A91155D53A6007C29C1 /* 1.jpg */,
				F79D1A92155D53A6007C29C1 /* 2.jpg */,
				F79D1A93155D53A6007C29C1 /* 3.jpg */,
				F79D1A94155D53A6007C29C1 /* 4.jpg */,
			);
			name = Resources;
			path = ImageViewer;
			sourceTree = "<group>";
		};
		F79D1A9A155D5593007C29C1 /* AFImageViewer */ = {
			isa = PBXGroup;
			children = (
				F79D1A8B155D36E6007C29C1 /* AFImageViewer.h */,
				F79D1A8C155D36E6007C29C1 /* AFImageViewer.m */,
			);
			name = AFImageViewer;
			sourceTree = "<group>";
		};
		F79D1ABE155DA22B007C29C1 /* Example controller */ = {
			isa = PBXGroup;
			children = (
				F79D1AAA155D8043007C29C1 /* ExampleAsync.h */,
				F79D1AAB155D8043007C29C1 /* ExampleAsync.m */,
				F79D1AB3155D9B07007C29C1 /* ExampleDelegate.h */,
				F79D1AB4155D9B07007C29C1 /* ExampleDelegate.m */,
				F79D1AB6155D9B17007C29C1 /* ExampleDataSource.h */,
				F79D1AB7155D9B17007C29C1 /* ExampleDataSource.m */,
			);
			name = "Example controller";
			sourceTree = "<group>";
		};
/* End PBXGroup section */

/* Begin PBXNativeTarget section */
		F79D1A58155D2559007C29C1 /* ImageViewer */ = {
			isa = PBXNativeTarget;
			buildConfigurationList = F79D1A7A155D2559007C29C1 /* Build configuration list for PBXNativeTarget "ImageViewer" */;
			buildPhases = (
				F79D1A55155D2559007C29C1 /* Sources */,
				F79D1A56155D2559007C29C1 /* Frameworks */,
				F79D1A57155D2559007C29C1 /* Resources */,
			);
			buildRules = (
			);
			dependencies = (
			);
			name = ImageViewer;
			productName = ImageViewer;
			productReference = F79D1A59155D2559007C29C1 /* ImageViewer.app */;
			productType = "com.apple.product-type.application";
		};
/* End PBXNativeTarget section */

/* Begin PBXProject section */
		F79D1A50155D2558007C29C1 /* Project object */ = {
			isa = PBXProject;
			attributes = {
				LastUpgradeCheck = 0430;
				ORGANIZATIONNAME = Autouncle;
			};
			buildConfigurationList = F79D1A53155D2558007C29C1 /* Build configuration list for PBXProject "ImageViewer" */;
			compatibilityVersion = "Xcode 3.2";
			developmentRegion = English;
			hasScannedForEncodings = 0;
			knownRegions = (
				en,
			);
			mainGroup = F79D1A4E155D2558007C29C1;
			productRefGroup = F79D1A5A155D2559007C29C1 /* Products */;
			projectDirPath = "";
			projectRoot = "";
			targets = (
				F79D1A58155D2559007C29C1 /* ImageViewer */,
			);
		};
/* End PBXProject section */

/* Begin PBXResourcesBuildPhase section */
		F79D1A57155D2559007C29C1 /* Resources */ = {
			isa = PBXResourcesBuildPhase;
			buildActionMask = 2147483647;
			files = (
				F79D1A68155D2559007C29C1 /* InfoPlist.strings in Resources */,
				F79D1A71155D2559007C29C1 /* MainStoryboard_iPhone.storyboard in Resources */,
				F79D1A74155D2559007C29C1 /* MainStoryboard_iPad.storyboard in Resources */,
				F79D1A95155D53A6007C29C1 /* 1.jpg in Resources */,
				F79D1A96155D53A6007C29C1 /* 2.jpg in Resources */,
				F79D1A97155D53A6007C29C1 /* 3.jpg in Resources */,
				F79D1A98155D53A6007C29C1 /* 4.jpg in Resources */,
				F79D1AA8155D7F10007C29C1 /* dark_blue.jpg in Resources */,
			);
			runOnlyForDeploymentPostprocessing = 0;
		};
/* End PBXResourcesBuildPhase section */

/* Begin PBXSourcesBuildPhase section */
		F79D1A55155D2559007C29C1 /* Sources */ = {
			isa = PBXSourcesBuildPhase;
			buildActionMask = 2147483647;
			files = (
				F79D1A6A155D2559007C29C1 /* main.m in Sources */,
				F79D1A6E155D2559007C29C1 /* AppDelegate.m in Sources */,
				F79D1A8D155D36E6007C29C1 /* AFImageViewer.m in Sources */,
				F79D1AAC155D8043007C29C1 /* ExampleAsync.m in Sources */,
				F79D1AB5155D9B07007C29C1 /* ExampleDelegate.m in Sources */,
				F79D1AB8155D9B17007C29C1 /* ExampleDataSource.m in Sources */,
			);
			runOnlyForDeploymentPostprocessing = 0;
		};
/* End PBXSourcesBuildPhase section */

/* Begin PBXVariantGroup section */
		F79D1A66155D2559007C29C1 /* InfoPlist.strings */ = {
			isa = PBXVariantGroup;
			children = (
				F79D1A67155D2559007C29C1 /* en */,
			);
			name = InfoPlist.strings;
			sourceTree = "<group>";
		};
		F79D1A6F155D2559007C29C1 /* MainStoryboard_iPhone.storyboard */ = {
			isa = PBXVariantGroup;
			children = (
				F79D1A70155D2559007C29C1 /* en */,
			);
			name = MainStoryboard_iPhone.storyboard;
			sourceTree = "<group>";
		};
		F79D1A72155D2559007C29C1 /* MainStoryboard_iPad.storyboard */ = {
			isa = PBXVariantGroup;
			children = (
				F79D1A73155D2559007C29C1 /* en */,
			);
			name = MainStoryboard_iPad.storyboard;
			sourceTree = "<group>";
		};
/* End PBXVariantGroup section */

/* Begin XCBuildConfiguration section */
		F79D1A78155D2559007C29C1 /* Debug */ = {
			isa = XCBuildConfiguration;
			buildSettings = {
				ALWAYS_SEARCH_USER_PATHS = NO;
				ARCHS = "$(ARCHS_STANDARD_32_BIT)";
				CLANG_ENABLE_OBJC_ARC = YES;
				"CODE_SIGN_IDENTITY[sdk=iphoneos*]" = "iPhone Developer";
				COPY_PHASE_STRIP = NO;
				GCC_C_LANGUAGE_STANDARD = gnu99;
				GCC_DYNAMIC_NO_PIC = NO;
				GCC_OPTIMIZATION_LEVEL = 0;
				GCC_PREPROCESSOR_DEFINITIONS = (
					"DEBUG=1",
					"$(inherited)",
				);
				GCC_SYMBOLS_PRIVATE_EXTERN = NO;
				GCC_VERSION = com.apple.compilers.llvm.clang.1_0;
				GCC_WARN_ABOUT_RETURN_TYPE = YES;
				GCC_WARN_UNINITIALIZED_AUTOS = YES;
				GCC_WARN_UNUSED_VARIABLE = YES;
				IPHONEOS_DEPLOYMENT_TARGET = 5.1;
				SDKROOT = iphoneos;
				TARGETED_DEVICE_FAMILY = "1,2";
			};
			name = Debug;
		};
		F79D1A79155D2559007C29C1 /* Release */ = {
			isa = XCBuildConfiguration;
			buildSettings = {
				ALWAYS_SEARCH_USER_PATHS = NO;
				ARCHS = "$(ARCHS_STANDARD_32_BIT)";
				CLANG_ENABLE_OBJC_ARC = YES;
				"CODE_SIGN_IDENTITY[sdk=iphoneos*]" = "iPhone Developer";
				COPY_PHASE_STRIP = YES;
				GCC_C_LANGUAGE_STANDARD = gnu99;
				GCC_VERSION = com.apple.compilers.llvm.clang.1_0;
				GCC_WARN_ABOUT_RETURN_TYPE = YES;
				GCC_WARN_UNINITIALIZED_AUTOS = YES;
				GCC_WARN_UNUSED_VARIABLE = YES;
				IPHONEOS_DEPLOYMENT_TARGET = 5.1;
				OTHER_CFLAGS = "-DNS_BLOCK_ASSERTIONS=1";
				SDKROOT = iphoneos;
				TARGETED_DEVICE_FAMILY = "1,2";
				VALIDATE_PRODUCT = YES;
			};
			name = Release;
		};
		F79D1A7B155D2559007C29C1 /* Debug */ = {
			isa = XCBuildConfiguration;
			buildSettings = {
				GCC_PRECOMPILE_PREFIX_HEADER = YES;
				GCC_PREFIX_HEADER = "ImageViewer/ImageViewer-Prefix.pch";
				INFOPLIST_FILE = "ImageViewer/ImageViewer-Info.plist";
				PRODUCT_NAME = "$(TARGET_NAME)";
				WRAPPER_EXTENSION = app;
			};
			name = Debug;
		};
		F79D1A7C155D2559007C29C1 /* Release */ = {
			isa = XCBuildConfiguration;
			buildSettings = {
				GCC_PRECOMPILE_PREFIX_HEADER = YES;
				GCC_PREFIX_HEADER = "ImageViewer/ImageViewer-Prefix.pch";
				INFOPLIST_FILE = "ImageViewer/ImageViewer-Info.plist";
				PRODUCT_NAME = "$(TARGET_NAME)";
				WRAPPER_EXTENSION = app;
			};
			name = Release;
		};
/* End XCBuildConfiguration section */

/* Begin XCConfigurationList section */
		F79D1A53155D2558007C29C1 /* Build configuration list for PBXProject "ImageViewer" */ = {
			isa = XCConfigurationList;
			buildConfigurations = (
				F79D1A78155D2559007C29C1 /* Debug */,
				F79D1A79155D2559007C29C1 /* Release */,
			);
			defaultConfigurationIsVisible = 0;
			defaultConfigurationName = Release;
		};
		F79D1A7A155D2559007C29C1 /* Build configuration list for PBXNativeTarget "ImageViewer" */ = {
			isa = XCConfigurationList;
			buildConfigurations = (
				F79D1A7B155D2559007C29C1 /* Debug */,
				F79D1A7C155D2559007C29C1 /* Release */,
			);
			defaultConfigurationIsVisible = 0;
			defaultConfigurationName = Release;
		};
/* End XCConfigurationList section */
	};
	rootObject = F79D1A50155D2558007C29C1 /* Project object */;
}
